
Microsoft Visual Studio Solution File, Format Version 12.00
# Visual Studio Version 17
VisualStudioVersion = 17.4.33213.308
MinimumVisualStudioVersion = 10.0.40219.1
Project("{FAE04EC0-301F-11D3-BF4B-00C04F79EFBC}") = "rps", "rps\rps.csproj", "{D4304A0E-DF6C-4BA2-9F2F-533BC2F02EDB}"
EndProject
Global
	GlobalSection(SolutionConfigurationPlatforms) = preSolution
		Debug|Any CPU = Debug|Any CPU
		Release|Any CPU = Release|Any CPU
	EndGlobalSection
	GlobalSection(ProjectConfigurationPlatforms) = postSolution
		{D4304A0E-DF6C-4BA2-9F2F-533BC2F02EDB}.Debug|Any CPU.ActiveCfg = Debug|Any CPU
		{D4304A0E-DF6C-4BA2-9F2F-533BC2F02EDB}.Debug|Any CPU.Build.0 = Debug|Any CPU
		{D4304A0E-DF6C-4BA2-9F2F-533BC2F02EDB}.Release|Any CPU.ActiveCfg = Release|Any CPU
		{D4304A0E-DF6C-4BA2-9F2F-533BC2F02EDB}.Release|Any CPU.Build.0 = Release|Any CPU
	EndGlobalSection
	GlobalSection(SolutionProperties) = preSolution
		HideSolutionNode = FALSE
	EndGlobalSection
	GlobalSection(ExtensibilityGlobals) = postSolution
		SolutionGuid = {0143446C-CF71-4858-A10B-43C4FC44F438}
	EndGlobalSection
EndGlobal
